// !$*UTF8*$!
{
	archiveVersion = 1;
	classes = {
	};
	objectVersion = 46;
	objects = {

/* Begin PBXBuildFile section */
		882F91DD1D9C2F4500F08F40 /* AppDelegate.swift in Sources */ = {isa = PBXBuildFile; fileRef = 882F91DC1D9C2F4500F08F40 /* AppDelegate.swift */; };
		882F91DF1D9C2F4500F08F40 /* ViewController.swift in Sources */ = {isa = PBXBuildFile; fileRef = 882F91DE1D9C2F4500F08F40 /* ViewController.swift */; };
		882F91E21D9C2F4500F08F40 /* Main.storyboard in Resources */ = {isa = PBXBuildFile; fileRef = 882F91E01D9C2F4500F08F40 /* Main.storyboard */; };
		882F91E41D9C2F4500F08F40 /* Assets.xcassets in Resources */ = {isa = PBXBuildFile; fileRef = 882F91E31D9C2F4500F08F40 /* Assets.xcassets */; };
		882F91E71D9C2F4500F08F40 /* LaunchScreen.storyboard in Resources */ = {isa = PBXBuildFile; fileRef = 882F91E51D9C2F4500F08F40 /* LaunchScreen.storyboard */; };
		882F91F21D9C2F4500F08F40 /* BabaTests.swift in Sources */ = {isa = PBXBuildFile; fileRef = 882F91F11D9C2F4500F08F40 /* BabaTests.swift */; };
		882F91FD1D9C2F4500F08F40 /* BabaUITests.swift in Sources */ = {isa = PBXBuildFile; fileRef = 882F91FC1D9C2F4500F08F40 /* BabaUITests.swift */; };
/* End PBXBuildFile section */

/* Begin PBXContainerItemProxy section */
		882F91EE1D9C2F4500F08F40 /* PBXContainerItemProxy */ = {
			isa = PBXContainerItemProxy;
			containerPortal = 882F91D11D9C2F4500F08F40 /* Project object */;
			proxyType = 1;
			remoteGlobalIDString = 882F91D81D9C2F4500F08F40;
			remoteInfo = Baba;
		};
		882F91F91D9C2F4500F08F40 /* PBXContainerItemProxy */ = {
			isa = PBXContainerItemProxy;
			containerPortal = 882F91D11D9C2F4500F08F40 /* Project object */;
			proxyType = 1;
			remoteGlobalIDString = 882F91D81D9C2F4500F08F40;
			remoteInfo = Baba;
		};
/* End PBXContainerItemProxy section */

/* Begin PBXFileReference section */
		882F91D91D9C2F4500F08F40 /* Baba.app */ = {isa = PBXFileReference; explicitFileType = wrapper.application; includeInIndex = 0; path = Baba.app; sourceTree = BUILT_PRODUCTS_DIR; };
		882F91DC1D9C2F4500F08F40 /* AppDelegate.swift */ = {isa = PBXFileReference; lastKnownFileType = sourcecode.swift; path = AppDelegate.swift; sourceTree = "<group>"; };
		882F91DE1D9C2F4500F08F40 /* ViewController.swift */ = {isa = PBXFileReference; lastKnownFileType = sourcecode.swift; path = ViewController.swift; sourceTree = "<group>"; };
		882F91E11D9C2F4500F08F40 /* Base */ = {isa = PBXFileReference; lastKnownFileType = file.storyboard; name = Base; path = Base.lproj/Main.storyboard; sourceTree = "<group>"; };
		882F91E31D9C2F4500F08F40 /* Assets.xcassets */ = {isa = PBXFileReference; lastKnownFileType = folder.assetcatalog; path = Assets.xcassets; sourceTree = "<group>"; };
		882F91E61D9C2F4500F08F40 /* Base */ = {isa = PBXFileReference; lastKnownFileType = file.storyboard; name = Base; path = Base.lproj/LaunchScreen.storyboard; sourceTree = "<group>"; };
		882F91E81D9C2F4500F08F40 /* Info.plist */ = {isa = PBXFileReference; lastKnownFileType = text.plist.xml; path = Info.plist; sourceTree = "<group>"; };
		882F91ED1D9C2F4500F08F40 /* BabaTests.xctest */ = {isa = PBXFileReference; explicitFileType = wrapper.cfbundle; includeInIndex = 0; path = BabaTests.xctest; sourceTree = BUILT_PRODUCTS_DIR; };
		882F91F11D9C2F4500F08F40 /* BabaTests.swift */ = {isa = PBXFileReference; lastKnownFileType = sourcecode.swift; path = BabaTests.swift; sourceTree = "<group>"; };
		882F91F31D9C2F4500F08F40 /* Info.plist */ = {isa = PBXFileReference; lastKnownFileType = text.plist.xml; path = Info.plist; sourceTree = "<group>"; };
		882F91F81D9C2F4500F08F40 /* BabaUITests.xctest */ = {isa = PBXFileReference; explicitFileType = wrapper.cfbundle; includeInIndex = 0; path = BabaUITests.xctest; sourceTree = BUILT_PRODUCTS_DIR; };
		882F91FC1D9C2F4500F08F40 /* BabaUITests.swift */ = {isa = PBXFileReference; lastKnownFileType = sourcecode.swift; path = BabaUITests.swift; sourceTree = "<group>"; };
		882F91FE1D9C2F4500F08F40 /* Info.plist */ = {isa = PBXFileReference; lastKnownFileType = text.plist.xml; path = Info.plist; sourceTree = "<group>"; };
/* End PBXFileReference section */

/* Begin PBXFrameworksBuildPhase section */
		882F91D61D9C2F4500F08F40 /* Frameworks */ = {
			isa = PBXFrameworksBuildPhase;
			buildActionMask = 2147483647;
			files = (
			);
			runOnlyForDeploymentPostprocessing = 0;
		};
		882F91EA1D9C2F4500F08F40 /* Frameworks */ = {
			isa = PBXFrameworksBuildPhase;
			buildActionMask = 2147483647;
			files = (
			);
			runOnlyForDeploymentPostprocessing = 0;
		};
		882F91F51D9C2F4500F08F40 /* Frameworks */ = {
			isa = PBXFrameworksBuildPhase;
			buildActionMask = 2147483647;
			files = (
			);
			runOnlyForDeploymentPostprocessing = 0;
		};
/* End PBXFrameworksBuildPhase section */

/* Begin PBXGroup section */
		882F91D01D9C2F4500F08F40 = {
			isa = PBXGroup;
			children = (
				882F91DB1D9C2F4500F08F40 /* Baba */,
				882F91F01D9C2F4500F08F40 /* BabaTests */,
				882F91FB1D9C2F4500F08F40 /* BabaUITests */,
				882F91DA1D9C2F4500F08F40 /* Products */,
			);
			sourceTree = "<group>";
		};
		882F91DA1D9C2F4500F08F40 /* Products */ = {
			isa = PBXGroup;
			children = (
				882F91D91D9C2F4500F08F40 /* Baba.app */,
				882F91ED1D9C2F4500F08F40 /* BabaTests.xctest */,
				882F91F81D9C2F4500F08F40 /* BabaUITests.xctest */,
			);
			name = Products;
			sourceTree = "<group>";
		};
		882F91DB1D9C2F4500F08F40 /* Baba */ = {
			isa = PBXGroup;
			children = (
				882F91DC1D9C2F4500F08F40 /* AppDelegate.swift */,
				882F91DE1D9C2F4500F08F40 /* ViewController.swift */,
				882F91E01D9C2F4500F08F40 /* Main.storyboard */,
				882F91E31D9C2F4500F08F40 /* Assets.xcassets */,
				882F91E51D9C2F4500F08F40 /* LaunchScreen.storyboard */,
				882F91E81D9C2F4500F08F40 /* Info.plist */,
			);
			path = Baba;
			sourceTree = "<group>";
		};
		882F91F01D9C2F4500F08F40 /* BabaTests */ = {
			isa = PBXGroup;
			children = (
				882F91F11D9C2F4500F08F40 /* BabaTests.swift */,
				882F91F31D9C2F4500F08F40 /* Info.plist */,
			);
			path = BabaTests;
			sourceTree = "<group>";
		};
		882F91FB1D9C2F4500F08F40 /* BabaUITests */ = {
			isa = PBXGroup;
			children = (
				882F91FC1D9C2F4500F08F40 /* BabaUITests.swift */,
				882F91FE1D9C2F4500F08F40 /* Info.plist */,
			);
			path = BabaUITests;
			sourceTree = "<group>";
		};
/* End PBXGroup section */

/* Begin PBXNativeTarget section */
		882F91D81D9C2F4500F08F40 /* Baba */ = {
			isa = PBXNativeTarget;
			buildConfigurationList = 882F92011D9C2F4500F08F40 /* Build configuration list for PBXNativeTarget "Baba" */;
			buildPhases = (
				882F91D51D9C2F4500F08F40 /* Sources */,
				882F91D61D9C2F4500F08F40 /* Frameworks */,
				882F91D71D9C2F4500F08F40 /* Resources */,
			);
			buildRules = (
			);
			dependencies = (
			);
			name = Baba;
			productName = Baba;
			productReference = 882F91D91D9C2F4500F08F40 /* Baba.app */;
			productType = "com.apple.product-type.application";
		};
		882F91EC1D9C2F4500F08F40 /* BabaTests */ = {
			isa = PBXNativeTarget;
			buildConfigurationList = 882F92041D9C2F4500F08F40 /* Build configuration list for PBXNativeTarget "BabaTests" */;
			buildPhases = (
				882F91E91D9C2F4500F08F40 /* Sources */,
				882F91EA1D9C2F4500F08F40 /* Frameworks */,
				882F91EB1D9C2F4500F08F40 /* Resources */,
			);
			buildRules = (
			);
			dependencies = (
				882F91EF1D9C2F4500F08F40 /* PBXTargetDependency */,
			);
			name = BabaTests;
			productName = BabaTests;
			productReference = 882F91ED1D9C2F4500F08F40 /* BabaTests.xctest */;
			productType = "com.apple.product-type.bundle.unit-test";
		};
		882F91F71D9C2F4500F08F40 /* BabaUITests */ = {
			isa = PBXNativeTarget;
			buildConfigurationList = 882F92071D9C2F4500F08F40 /* Build configuration list for PBXNativeTarget "BabaUITests" */;
			buildPhases = (
				882F91F41D9C2F4500F08F40 /* Sources */,
				882F91F51D9C2F4500F08F40 /* Frameworks */,
				882F91F61D9C2F4500F08F40 /* Resources */,
			);
			buildRules = (
			);
			dependencies = (
				882F91FA1D9C2F4500F08F40 /* PBXTargetDependency */,
			);
			name = BabaUITests;
			productName = BabaUITests;
			productReference = 882F91F81D9C2F4500F08F40 /* BabaUITests.xctest */;
			productType = "com.apple.product-type.bundle.ui-testing";
		};
/* End PBXNativeTarget section */

/* Begin PBXProject section */
		882F91D11D9C2F4500F08F40 /* Project object */ = {
			isa = PBXProject;
			attributes = {
				LastSwiftUpdateCheck = 0800;
				LastUpgradeCheck = 0800;
				ORGANIZATIONNAME = iSTROBE;
				TargetAttributes = {
					882F91D81D9C2F4500F08F40 = {
						CreatedOnToolsVersion = 8.0;
						ProvisioningStyle = Automatic;
					};
					882F91EC1D9C2F4500F08F40 = {
						CreatedOnToolsVersion = 8.0;
						ProvisioningStyle = Automatic;
						TestTargetID = 882F91D81D9C2F4500F08F40;
					};
					882F91F71D9C2F4500F08F40 = {
						CreatedOnToolsVersion = 8.0;
						ProvisioningStyle = Automatic;
						TestTargetID = 882F91D81D9C2F4500F08F40;
					};
				};
			};
			buildConfigurationList = 882F91D41D9C2F4500F08F40 /* Build configuration list for PBXProject "Baba" */;
			compatibilityVersion = "Xcode 3.2";
			developmentRegion = English;
			hasScannedForEncodings = 0;
			knownRegions = (
				en,
				Base,
			);
			mainGroup = 882F91D01D9C2F4500F08F40;
			productRefGroup = 882F91DA1D9C2F4500F08F40 /* Products */;
			projectDirPath = "";
			projectRoot = "";
			targets = (
				882F91D81D9C2F4500F08F40 /* Baba */,
				882F91EC1D9C2F4500F08F40 /* BabaTests */,
				882F91F71D9C2F4500F08F40 /* BabaUITests */,
			);
		};
/* End PBXProject section */

/* Begin PBXResourcesBuildPhase section */
		882F91D71D9C2F4500F08F40 /* Resources */ = {
			isa = PBXResourcesBuildPhase;
			buildActionMask = 2147483647;
			files = (
				882F91E71D9C2F4500F08F40 /* LaunchScreen.storyboard in Resources */,
				882F91E41D9C2F4500F08F40 /* Assets.xcassets in Resources */,
				882F91E21D9C2F4500F08F40 /* Main.storyboard in Resources */,
			);
			runOnlyForDeploymentPostprocessing = 0;
		};
		882F91EB1D9C2F4500F08F40 /* Resources */ = {
			isa = PBXResourcesBuildPhase;
			buildActionMask = 2147483647;
			files = (
			);
			runOnlyForDeploymentPostprocessing = 0;
		};
		882F91F61D9C2F4500F08F40 /* Resources */ = {
			isa = PBXResourcesBuildPhase;
			buildActionMask = 2147483647;
			files = (
			);
			runOnlyForDeploymentPostprocessing = 0;
		};
/* End PBXResourcesBuildPhase section */

/* Begin PBXSourcesBuildPhase section */
		882F91D51D9C2F4500F08F40 /* Sources */ = {
			isa = PBXSourcesBuildPhase;
			buildActionMask = 2147483647;
			files = (
				882F91DF1D9C2F4500F08F40 /* ViewController.swift in Sources */,
				882F91DD1D9C2F4500F08F40 /* AppDelegate.swift in Sources */,
			);
			runOnlyForDeploymentPostprocessing = 0;
		};
		882F91E91D9C2F4500F08F40 /* Sources */ = {
			isa = PBXSourcesBuildPhase;
			buildActionMask = 2147483647;
			files = (
				882F91F21D9C2F4500F08F40 /* BabaTests.swift in Sources */,
			);
			runOnlyForDeploymentPostprocessing = 0;
		};
		882F91F41D9C2F4500F08F40 /* Sources */ = {
			isa = PBXSourcesBuildPhase;
			buildActionMask = 2147483647;
			files = (
				882F91FD1D9C2F4500F08F40 /* BabaUITests.swift in Sources */,
			);
			runOnlyForDeploymentPostprocessing = 0;
		};
/* End PBXSourcesBuildPhase section */

/* Begin PBXTargetDependency section */
		882F91EF1D9C2F4500F08F40 /* PBXTargetDependency */ = {
			isa = PBXTargetDependency;
			target = 882F91D81D9C2F4500F08F40 /* Baba */;
			targetProxy = 882F91EE1D9C2F4500F08F40 /* PBXContainerItemProxy */;
		};
		882F91FA1D9C2F4500F08F40 /* PBXTargetDependency */ = {
			isa = PBXTargetDependency;
			target = 882F91D81D9C2F4500F08F40 /* Baba */;
			targetProxy = 882F91F91D9C2F4500F08F40 /* PBXContainerItemProxy */;
		};
/* End PBXTargetDependency section */

/* Begin PBXVariantGroup section */
		882F91E01D9C2F4500F08F40 /* Main.storyboard */ = {
			isa = PBXVariantGroup;
			children = (
				882F91E11D9C2F4500F08F40 /* Base */,
			);
			name = Main.storyboard;
			sourceTree = "<group>";
		};
		882F91E51D9C2F4500F08F40 /* LaunchScreen.storyboard */ = {
			isa = PBXVariantGroup;
			children = (
				882F91E61D9C2F4500F08F40 /* Base */,
			);
			name = LaunchScreen.storyboard;
			sourceTree = "<group>";
		};
/* End PBXVariantGroup section */

/* Begin XCBuildConfiguration section */
		882F91FF1D9C2F4500F08F40 /* Debug */ = {
			isa = XCBuildConfiguration;
			buildSettings = {
				ALWAYS_SEARCH_USER_PATHS = NO;
				CLANG_ANALYZER_NONNULL = YES;
				CLANG_CXX_LANGUAGE_STANDARD = "gnu++0x";
				CLANG_CXX_LIBRARY = "libc++";
				CLANG_ENABLE_MODULES = YES;
				CLANG_ENABLE_OBJC_ARC = YES;
				CLANG_WARN_BOOL_CONVERSION = YES;
				CLANG_WARN_CONSTANT_CONVERSION = YES;
				CLANG_WARN_DIRECT_OBJC_ISA_USAGE = YES_ERROR;
				CLANG_WARN_DOCUMENTATION_COMMENTS = YES;
				CLANG_WARN_EMPTY_BODY = YES;
				CLANG_WARN_ENUM_CONVERSION = YES;
				CLANG_WARN_INFINITE_RECURSION = YES;
				CLANG_WARN_INT_CONVERSION = YES;
				CLANG_WARN_OBJC_ROOT_CLASS = YES_ERROR;
				CLANG_WARN_SUSPICIOUS_MOVES = YES;
				CLANG_WARN_UNREACHABLE_CODE = YES;
				CLANG_WARN__DUPLICATE_METHOD_MATCH = YES;
				"CODE_SIGN_IDENTITY[sdk=iphoneos*]" = "iPhone Developer";
				COPY_PHASE_STRIP = NO;
				DEBUG_INFORMATION_FORMAT = dwarf;
				ENABLE_STRICT_OBJC_MSGSEND = YES;
				ENABLE_TESTABILITY = YES;
				GCC_C_LANGUAGE_STANDARD = gnu99;
				GCC_DYNAMIC_NO_PIC = NO;
				GCC_NO_COMMON_BLOCKS = YES;
				GCC_OPTIMIZATION_LEVEL = 0;
				GCC_PREPROCESSOR_DEFINITIONS = (
					"DEBUG=1",
					"$(inherited)",
				);
				GCC_WARN_64_TO_32_BIT_CONVERSION = YES;
				GCC_WARN_ABOUT_RETURN_TYPE = YES_ERROR;
				GCC_WARN_UNDECLARED_SELECTOR = YES;
				GCC_WARN_UNINITIALIZED_AUTOS = YES_AGGRESSIVE;
				GCC_WARN_UNUSED_FUNCTION = YES;
				GCC_WARN_UNUSED_VARIABLE = YES;
				IPHONEOS_DEPLOYMENT_TARGET = 10.0;
				MTL_ENABLE_DEBUG_INFO = YES;
				ONLY_ACTIVE_ARCH = YES;
				SDKROOT = iphoneos;
				SWIFT_ACTIVE_COMPILATION_CONDITIONS = DEBUG;
				SWIFT_OPTIMIZATION_LEVEL = "-Onone";
			};
			name = Debug;
		};
		882F92001D9C2F4500F08F40 /* Release */ = {
			isa = XCBuildConfiguration;
			buildSettings = {
				ALWAYS_SEARCH_USER_PATHS = NO;
				CLANG_ANALYZER_NONNULL = YES;
				CLANG_CXX_LANGUAGE_STANDARD = "gnu++0x";
				CLANG_CXX_LIBRARY = "libc++";
				CLANG_ENABLE_MODULES = YES;
				CLANG_ENABLE_OBJC_ARC = YES;
				CLANG_WARN_BOOL_CONVERSION = YES;
				CLANG_WARN_CONSTANT_CONVERSION = YES;
				CLANG_WARN_DIRECT_OBJC_ISA_USAGE = YES_ERROR;
				CLANG_WARN_DOCUMENTATION_COMMENTS = YES;
				CLANG_WARN_EMPTY_BODY = YES;
				CLANG_WARN_ENUM_CONVERSION = YES;
				CLANG_WARN_INFINITE_RECURSION = YES;
				CLANG_WARN_INT_CONVERSION = YES;
				CLANG_WARN_OBJC_ROOT_CLASS = YES_ERROR;
				CLANG_WARN_SUSPICIOUS_MOVES = YES;
				CLANG_WARN_UNREACHABLE_CODE = YES;
				CLANG_WARN__DUPLICATE_METHOD_MATCH = YES;
				"CODE_SIGN_IDENTITY[sdk=iphoneos*]" = "iPhone Developer";
				COPY_PHASE_STRIP = NO;
				DEBUG_INFORMATION_FORMAT = "dwarf-with-dsym";
				ENABLE_NS_ASSERTIONS = NO;
				ENABLE_STRICT_OBJC_MSGSEND = YES;
				GCC_C_LANGUAGE_STANDARD = gnu99;
				GCC_NO_COMMON_BLOCKS = YES;
				GCC_WARN_64_TO_32_BIT_CONVERSION = YES;
				GCC_WARN_ABOUT_RETURN_TYPE = YES_ERROR;
				GCC_WARN_UNDECLARED_SELECTOR = YES;
				GCC_WARN_UNINITIALIZED_AUTOS = YES_AGGRESSIVE;
				GCC_WARN_UNUSED_FUNCTION = YES;
				GCC_WARN_UNUSED_VARIABLE = YES;
				IPHONEOS_DEPLOYMENT_TARGET = 10.0;
				MTL_ENABLE_DEBUG_INFO = NO;
				SDKROOT = iphoneos;
				SWIFT_OPTIMIZATION_LEVEL = "-Owholemodule";
				VALIDATE_PRODUCT = YES;
			};
			name = Release;
		};
		882F92021D9C2F4500F08F40 /* Debug */ = {
			isa = XCBuildConfiguration;
			buildSettings = {
				ASSETCATALOG_COMPILER_APPICON_NAME = AppIcon;
				INFOPLIST_FILE = Baba/Info.plist;
				LD_RUNPATH_SEARCH_PATHS = "$(inherited) @executable_path/Frameworks";
				PRODUCT_BUNDLE_IDENTIFIER = "com.Istrobe-ehealth.com.Baba";
				PRODUCT_NAME = "$(TARGET_NAME)";
				SWIFT_VERSION = 3.0;
			};
			name = Debug;
		};
		882F92031D9C2F4500F08F40 /* Release */ = {
			isa = XCBuildConfiguration;
			buildSettings = {
				ASSETCATALOG_COMPILER_APPICON_NAME = AppIcon;
				INFOPLIST_FILE = Baba/Info.plist;
				LD_RUNPATH_SEARCH_PATHS = "$(inherited) @executable_path/Frameworks";
				PRODUCT_BUNDLE_IDENTIFIER = "com.Istrobe-ehealth.com.Baba";
				PRODUCT_NAME = "$(TARGET_NAME)";
				SWIFT_VERSION = 3.0;
			};
			name = Release;
		};
		882F92051D9C2F4500F08F40 /* Debug */ = {
			isa = XCBuildConfiguration;
			buildSettings = {
				ALWAYS_EMBED_SWIFT_STANDARD_LIBRARIES = YES;
				BUNDLE_LOADER = "$(TEST_HOST)";
				INFOPLIST_FILE = BabaTests/Info.plist;
				LD_RUNPATH_SEARCH_PATHS = "$(inherited) @executable_path/Frameworks @loader_path/Frameworks";
				PRODUCT_BUNDLE_IDENTIFIER = "com.Istrobe-ehealth.com.BabaTests";
				PRODUCT_NAME = "$(TARGET_NAME)";
				SWIFT_VERSION = 3.0;
				TEST_HOST = "$(BUILT_PRODUCTS_DIR)/Baba.app/Baba";
			};
			name = Debug;
		};
		882F92061D9C2F4500F08F40 /* Release */ = {
			isa = XCBuildConfiguration;
			buildSettings = {
				ALWAYS_EMBED_SWIFT_STANDARD_LIBRARIES = YES;
				BUNDLE_LOADER = "$(TEST_HOST)";
				INFOPLIST_FILE = BabaTests/Info.plist;
				LD_RUNPATH_SEARCH_PATHS = "$(inherited) @executable_path/Frameworks @loader_path/Frameworks";
				PRODUCT_BUNDLE_IDENTIFIER = "com.Istrobe-ehealth.com.BabaTests";
				PRODUCT_NAME = "$(TARGET_NAME)";
				SWIFT_VERSION = 3.0;
				TEST_HOST = "$(BUILT_PRODUCTS_DIR)/Baba.app/Baba";
			};
			name = Release;
		};
		882F92081D9C2F4500F08F40 /* Debug */ = {
			isa = XCBuildConfiguration;
			buildSettings = {
				ALWAYS_EMBED_SWIFT_STANDARD_LIBRARIES = YES;
				INFOPLIST_FILE = BabaUITests/Info.plist;
				LD_RUNPATH_SEARCH_PATHS = "$(inherited) @executable_path/Frameworks @loader_path/Frameworks";
				PRODUCT_BUNDLE_IDENTIFIER = "com.Istrobe-ehealth.com.BabaUITests";
				PRODUCT_NAME = "$(TARGET_NAME)";
				SWIFT_VERSION = 3.0;
				TEST_TARGET_NAME = Baba;
			};
			name = Debug;
		};
		882F92091D9C2F4500F08F40 /* Release */ = {
			isa = XCBuildConfiguration;
			buildSettings = {
				ALWAYS_EMBED_SWIFT_STANDARD_LIBRARIES = YES;
				INFOPLIST_FILE = BabaUITests/Info.plist;
				LD_RUNPATH_SEARCH_PATHS = "$(inherited) @executable_path/Frameworks @loader_path/Frameworks";
				PRODUCT_BUNDLE_IDENTIFIER = "com.Istrobe-ehealth.com.BabaUITests";
				PRODUCT_NAME = "$(TARGET_NAME)";
				SWIFT_VERSION = 3.0;
				TEST_TARGET_NAME = Baba;
			};
			name = Release;
		};
/* End XCBuildConfiguration section */

/* Begin XCConfigurationList section */
		882F91D41D9C2F4500F08F40 /* Build configuration list for PBXProject "Baba" */ = {
			isa = XCConfigurationList;
			buildConfigurations = (
				882F91FF1D9C2F4500F08F40 /* Debug */,
				882F92001D9C2F4500F08F40 /* Release */,
			);
			defaultConfigurationIsVisible = 0;
			defaultConfigurationName = Release;
		};
		882F92011D9C2F4500F08F40 /* Build configuration list for PBXNativeTarget "Baba" */ = {
			isa = XCConfigurationList;
			buildConfigurations = (
				882F92021D9C2F4500F08F40 /* Debug */,
				882F92031D9C2F4500F08F40 /* Release */,
			);
			defaultConfigurationIsVisible = 0;
		};
		882F92041D9C2F4500F08F40 /* Build configuration list for PBXNativeTarget "BabaTests" */ = {
			isa = XCConfigurationList;
			buildConfigurations = (
				882F92051D9C2F4500F08F40 /* Debug */,
				882F92061D9C2F4500F08F40 /* Release */,
			);
			defaultConfigurationIsVisible = 0;
		};
		882F92071D9C2F4500F08F40 /* Build configuration list for PBXNativeTarget "BabaUITests" */ = {
			isa = XCConfigurationList;
			buildConfigurations = (
				882F92081D9C2F4500F08F40 /* Debug */,
				882F92091D9C2F4500F08F40 /* Release */,
			);
			defaultConfigurationIsVisible = 0;
		};
/* End XCConfigurationList section */
	};
	rootObject = 882F91D11D9C2F4500F08F40 /* Project object */;
}
